
Microsoft Visual Studio Solution File, Format Version 12.00
# Visual Studio Version 17
VisualStudioVersion = 17.0.31612.314
MinimumVisualStudioVersion = 10.0.40219.1
Project("{FAE04EC0-301F-11D3-BF4B-00C04F79EFBC}") = "AzureFluentSDK", "AzureFluentSDK\AzureFluentSDK.csproj", "{9BB653DC-6DE2-4C75-88BD-7A29C78748C2}"
EndProject
Global
	GlobalSection(SolutionConfigurationPlatforms) = preSolution
		Debug|Any CPU = Debug|Any CPU
		Release|Any CPU = Release|Any CPU
	EndGlobalSection
	GlobalSection(ProjectConfigurationPlatforms) = postSolution
		{9BB653DC-6DE2-4C75-88BD-7A29C78748C2}.Debug|Any CPU.ActiveCfg = Debug|Any CPU
		{9BB653DC-6DE2-4C75-88BD-7A29C78748C2}.Debug|Any CPU.Build.0 = Debug|Any CPU
		{9BB653DC-6DE2-4C75-88BD-7A29C78748C2}.Release|Any CPU.ActiveCfg = Release|Any CPU
		{9BB653DC-6DE2-4C75-88BD-7A29C78748C2}.Release|Any CPU.Build.0 = Release|Any CPU
	EndGlobalSection
	GlobalSection(SolutionProperties) = preSolution
		HideSolutionNode = FALSE
	EndGlobalSection
	GlobalSection(ExtensibilityGlobals) = postSolution
		SolutionGuid = {7D8405C2-6F0C-4730-8131-C7AC14EA9999}
	EndGlobalSection
EndGlobal
